// !$*UTF8*$!
{
	archiveVersion = 1;
	classes = {
	};
	objectVersion = 48;
	objects = {

/* Begin PBXBuildFile section */
		80C74E2120C69CF600B4D559 /* AppDelegate.swift in Sources */ = {isa = PBXBuildFile; fileRef = 80C74E2020C69CF600B4D559 /* AppDelegate.swift */; };
		80C74E2320C69CF600B4D559 /* ViewController.swift in Sources */ = {isa = PBXBuildFile; fileRef = 80C74E2220C69CF600B4D559 /* ViewController.swift */; };
		80C74E2620C69CF600B4D559 /* Main.storyboard in Resources */ = {isa = PBXBuildFile; fileRef = 80C74E2420C69CF600B4D559 /* Main.storyboard */; };
		80C74E2820C69CF600B4D559 /* Assets.xcassets in Resources */ = {isa = PBXBuildFile; fileRef = 80C74E2720C69CF600B4D559 /* Assets.xcassets */; };
		80C74E2B20C69CF600B4D559 /* LaunchScreen.storyboard in Resources */ = {isa = PBXBuildFile; fileRef = 80C74E2920C69CF600B4D559 /* LaunchScreen.storyboard */; };
		80C74E3320C69D0800B4D559 /* TableViewController.swift in Sources */ = {isa = PBXBuildFile; fileRef = 80C74E3220C69D0800B4D559 /* TableViewController.swift */; };
/* End PBXBuildFile section */

/* Begin PBXFileReference section */
		80C74E1D20C69CF600B4D559 /* Load More.app */ = {isa = PBXFileReference; explicitFileType = wrapper.application; includeInIndex = 0; path = "Load More.app"; sourceTree = BUILT_PRODUCTS_DIR; };
		80C74E2020C69CF600B4D559 /* AppDelegate.swift */ = {isa = PBXFileReference; lastKnownFileType = sourcecode.swift; path = AppDelegate.swift; sourceTree = "<group>"; };
		80C74E2220C69CF600B4D559 /* ViewController.swift */ = {isa = PBXFileReference; lastKnownFileType = sourcecode.swift; path = ViewController.swift; sourceTree = "<group>"; };
		80C74E2520C69CF600B4D559 /* Base */ = {isa = PBXFileReference; lastKnownFileType = file.storyboard; name = Base; path = Base.lproj/Main.storyboard; sourceTree = "<group>"; };
		80C74E2720C69CF600B4D559 /* Assets.xcassets */ = {isa = PBXFileReference; lastKnownFileType = folder.assetcatalog; path = Assets.xcassets; sourceTree = "<group>"; };
		80C74E2A20C69CF600B4D559 /* Base */ = {isa = PBXFileReference; lastKnownFileType = file.storyboard; name = Base; path = Base.lproj/LaunchScreen.storyboard; sourceTree = "<group>"; };
		80C74E2C20C69CF600B4D559 /* Info.plist */ = {isa = PBXFileReference; lastKnownFileType = text.plist.xml; path = Info.plist; sourceTree = "<group>"; };
		80C74E3220C69D0800B4D559 /* TableViewController.swift */ = {isa = PBXFileReference; lastKnownFileType = sourcecode.swift; path = TableViewController.swift; sourceTree = "<group>"; };
/* End PBXFileReference section */

/* Begin PBXFrameworksBuildPhase section */
		80C74E1A20C69CF600B4D559 /* Frameworks */ = {
			isa = PBXFrameworksBuildPhase;
			buildActionMask = 2147483647;
			files = (
			);
			runOnlyForDeploymentPostprocessing = 0;
		};
/* End PBXFrameworksBuildPhase section */

/* Begin PBXGroup section */
		80C74E1420C69CF600B4D559 = {
			isa = PBXGroup;
			children = (
				80C74E1F20C69CF600B4D559 /* Load More */,
				80C74E1E20C69CF600B4D559 /* Products */,
			);
			sourceTree = "<group>";
		};
		80C74E1E20C69CF600B4D559 /* Products */ = {
			isa = PBXGroup;
			children = (
				80C74E1D20C69CF600B4D559 /* Load More.app */,
			);
			name = Products;
			sourceTree = "<group>";
		};
		80C74E1F20C69CF600B4D559 /* Load More */ = {
			isa = PBXGroup;
			children = (
				80C74E2020C69CF600B4D559 /* AppDelegate.swift */,
				80C74E2220C69CF600B4D559 /* ViewController.swift */,
				80C74E3220C69D0800B4D559 /* TableViewController.swift */,
				80C74E2420C69CF600B4D559 /* Main.storyboard */,
				80C74E2720C69CF600B4D559 /* Assets.xcassets */,
				80C74E2920C69CF600B4D559 /* LaunchScreen.storyboard */,
				80C74E2C20C69CF600B4D559 /* Info.plist */,
			);
			path = "Load More";
			sourceTree = "<group>";
		};
/* End PBXGroup section */

/* Begin PBXNativeTarget section */
		80C74E1C20C69CF600B4D559 /* Load More */ = {
			isa = PBXNativeTarget;
			buildConfigurationList = 80C74E2F20C69CF600B4D559 /* Build configuration list for PBXNativeTarget "Load More" */;
			buildPhases = (
				80C74E1920C69CF600B4D559 /* Sources */,
				80C74E1A20C69CF600B4D559 /* Frameworks */,
				80C74E1B20C69CF600B4D559 /* Resources */,
			);
			buildRules = (
			);
			dependencies = (
			);
			name = "Load More";
			productName = "Load More";
			productReference = 80C74E1D20C69CF600B4D559 /* Load More.app */;
			productType = "com.apple.product-type.application";
		};
/* End PBXNativeTarget section */

/* Begin PBXProject section */
		80C74E1520C69CF600B4D559 /* Project object */ = {
			isa = PBXProject;
			attributes = {
				LastSwiftUpdateCheck = 0920;
				LastUpgradeCheck = 0920;
				ORGANIZATIONNAME = "hiền hihi";
				TargetAttributes = {
					80C74E1C20C69CF600B4D559 = {
						CreatedOnToolsVersion = 9.2;
						ProvisioningStyle = Automatic;
					};
				};
			};
			buildConfigurationList = 80C74E1820C69CF600B4D559 /* Build configuration list for PBXProject "Load More" */;
			compatibilityVersion = "Xcode 8.0";
			developmentRegion = en;
			hasScannedForEncodings = 0;
			knownRegions = (
				en,
				Base,
			);
			mainGroup = 80C74E1420C69CF600B4D559;
			productRefGroup = 80C74E1E20C69CF600B4D559 /* Products */;
			projectDirPath = "";
			projectRoot = "";
			targets = (
				80C74E1C20C69CF600B4D559 /* Load More */,
			);
		};
/* End PBXProject section */

/* Begin PBXResourcesBuildPhase section */
		80C74E1B20C69CF600B4D559 /* Resources */ = {
			isa = PBXResourcesBuildPhase;
			buildActionMask = 2147483647;
			files = (
				80C74E2B20C69CF600B4D559 /* LaunchScreen.storyboard in Resources */,
				80C74E2820C69CF600B4D559 /* Assets.xcassets in Resources */,
				80C74E2620C69CF600B4D559 /* Main.storyboard in Resources */,
			);
			runOnlyForDeploymentPostprocessing = 0;
		};
/* End PBXResourcesBuildPhase section */

/* Begin PBXSourcesBuildPhase section */
		80C74E1920C69CF600B4D559 /* Sources */ = {
			isa = PBXSourcesBuildPhase;
			buildActionMask = 2147483647;
			files = (
				80C74E2320C69CF600B4D559 /* ViewController.swift in Sources */,
				80C74E3320C69D0800B4D559 /* TableViewController.swift in Sources */,
				80C74E2120C69CF600B4D559 /* AppDelegate.swift in Sources */,
			);
			runOnlyForDeploymentPostprocessing = 0;
		};
/* End PBXSourcesBuildPhase section */

/* Begin PBXVariantGroup section */
		80C74E2420C69CF600B4D559 /* Main.storyboard */ = {
			isa = PBXVariantGroup;
			children = (
				80C74E2520C69CF600B4D559 /* Base */,
			);
			name = Main.storyboard;
			sourceTree = "<group>";
		};
		80C74E2920C69CF600B4D559 /* LaunchScreen.storyboard */ = {
			isa = PBXVariantGroup;
			children = (
				80C74E2A20C69CF600B4D559 /* Base */,
			);
			name = LaunchScreen.storyboard;
			sourceTree = "<group>";
		};
/* End PBXVariantGroup section */

/* Begin XCBuildConfiguration section */
		80C74E2D20C69CF600B4D559 /* Debug */ = {
			isa = XCBuildConfiguration;
			buildSettings = {
				ALWAYS_SEARCH_USER_PATHS = NO;
				CLANG_ANALYZER_NONNULL = YES;
				CLANG_ANALYZER_NUMBER_OBJECT_CONVERSION = YES_AGGRESSIVE;
				CLANG_CXX_LANGUAGE_STANDARD = "gnu++14";
				CLANG_CXX_LIBRARY = "libc++";
				CLANG_ENABLE_MODULES = YES;
				CLANG_ENABLE_OBJC_ARC = YES;
				CLANG_WARN_BLOCK_CAPTURE_AUTORELEASING = YES;
				CLANG_WARN_BOOL_CONVERSION = YES;
				CLANG_WARN_COMMA = YES;
				CLANG_WARN_CONSTANT_CONVERSION = YES;
				CLANG_WARN_DIRECT_OBJC_ISA_USAGE = YES_ERROR;
				CLANG_WARN_DOCUMENTATION_COMMENTS = YES;
				CLANG_WARN_EMPTY_BODY = YES;
				CLANG_WARN_ENUM_CONVERSION = YES;
				CLANG_WARN_INFINITE_RECURSION = YES;
				CLANG_WARN_INT_CONVERSION = YES;
				CLANG_WARN_NON_LITERAL_NULL_CONVERSION = YES;
				CLANG_WARN_OBJC_LITERAL_CONVERSION = YES;
				CLANG_WARN_OBJC_ROOT_CLASS = YES_ERROR;
				CLANG_WARN_RANGE_LOOP_ANALYSIS = YES;
				CLANG_WARN_STRICT_PROTOTYPES = YES;
				CLANG_WARN_SUSPICIOUS_MOVE = YES;
				CLANG_WARN_UNGUARDED_AVAILABILITY = YES_AGGRESSIVE;
				CLANG_WARN_UNREACHABLE_CODE = YES;
				CLANG_WARN__DUPLICATE_METHOD_MATCH = YES;
				CODE_SIGN_IDENTITY = "iPhone Developer";
				COPY_PHASE_STRIP = NO;
				DEBUG_INFORMATION_FORMAT = dwarf;
				ENABLE_STRICT_OBJC_MSGSEND = YES;
				ENABLE_TESTABILITY = YES;
				GCC_C_LANGUAGE_STANDARD = gnu11;
				GCC_DYNAMIC_NO_PIC = NO;
				GCC_NO_COMMON_BLOCKS = YES;
				GCC_OPTIMIZATION_LEVEL = 0;
				GCC_PREPROCESSOR_DEFINITIONS = (
					"DEBUG=1",
					"$(inherited)",
				);
				GCC_WARN_64_TO_32_BIT_CONVERSION = YES;
				GCC_WARN_ABOUT_RETURN_TYPE = YES_ERROR;
				GCC_WARN_UNDECLARED_SELECTOR = YES;
				GCC_WARN_UNINITIALIZED_AUTOS = YES_AGGRESSIVE;
				GCC_WARN_UNUSED_FUNCTION = YES;
				GCC_WARN_UNUSED_VARIABLE = YES;
				IPHONEOS_DEPLOYMENT_TARGET = 11.2;
				MTL_ENABLE_DEBUG_INFO = YES;
				ONLY_ACTIVE_ARCH = YES;
				SDKROOT = iphoneos;
				SWIFT_ACTIVE_COMPILATION_CONDITIONS = DEBUG;
				SWIFT_OPTIMIZATION_LEVEL = "-Onone";
			};
			name = Debug;
		};
		80C74E2E20C69CF600B4D559 /* Release */ = {
			isa = XCBuildConfiguration;
			buildSettings = {
				ALWAYS_SEARCH_USER_PATHS = NO;
				CLANG_ANALYZER_NONNULL = YES;
				CLANG_ANALYZER_NUMBER_OBJECT_CONVERSION = YES_AGGRESSIVE;
				CLANG_CXX_LANGUAGE_STANDARD = "gnu++14";
				CLANG_CXX_LIBRARY = "libc++";
				CLANG_ENABLE_MODULES = YES;
				CLANG_ENABLE_OBJC_ARC = YES;
				CLANG_WARN_BLOCK_CAPTURE_AUTORELEASING = YES;
				CLANG_WARN_BOOL_CONVERSION = YES;
				CLANG_WARN_COMMA = YES;
				CLANG_WARN_CONSTANT_CONVERSION = YES;
				CLANG_WARN_DIRECT_OBJC_ISA_USAGE = YES_ERROR;
				CLANG_WARN_DOCUMENTATION_COMMENTS = YES;
				CLANG_WARN_EMPTY_BODY = YES;
				CLANG_WARN_ENUM_CONVERSION = YES;
				CLANG_WARN_INFINITE_RECURSION = YES;
				CLANG_WARN_INT_CONVERSION = YES;
				CLANG_WARN_NON_LITERAL_NULL_CONVERSION = YES;
				CLANG_WARN_OBJC_LITERAL_CONVERSION = YES;
				CLANG_WARN_OBJC_ROOT_CLASS = YES_ERROR;
				CLANG_WARN_RANGE_LOOP_ANALYSIS = YES;
				CLANG_WARN_STRICT_PROTOTYPES = YES;
				CLANG_WARN_SUSPICIOUS_MOVE = YES;
				CLANG_WARN_UNGUARDED_AVAILABILITY = YES_AGGRESSIVE;
				CLANG_WARN_UNREACHABLE_CODE = YES;
				CLANG_WARN__DUPLICATE_METHOD_MATCH = YES;
				CODE_SIGN_IDENTITY = "iPhone Developer";
				COPY_PHASE_STRIP = NO;
				DEBUG_INFORMATION_FORMAT = "dwarf-with-dsym";
				ENABLE_NS_ASSERTIONS = NO;
				ENABLE_STRICT_OBJC_MSGSEND = YES;
				GCC_C_LANGUAGE_STANDARD = gnu11;
				GCC_NO_COMMON_BLOCKS = YES;
				GCC_WARN_64_TO_32_BIT_CONVERSION = YES;
				GCC_WARN_ABOUT_RETURN_TYPE = YES_ERROR;
				GCC_WARN_UNDECLARED_SELECTOR = YES;
				GCC_WARN_UNINITIALIZED_AUTOS = YES_AGGRESSIVE;
				GCC_WARN_UNUSED_FUNCTION = YES;
				GCC_WARN_UNUSED_VARIABLE = YES;
				IPHONEOS_DEPLOYMENT_TARGET = 11.2;
				MTL_ENABLE_DEBUG_INFO = NO;
				SDKROOT = iphoneos;
				SWIFT_OPTIMIZATION_LEVEL = "-Owholemodule";
				VALIDATE_PRODUCT = YES;
			};
			name = Release;
		};
		80C74E3020C69CF600B4D559 /* Debug */ = {
			isa = XCBuildConfiguration;
			buildSettings = {
				ASSETCATALOG_COMPILER_APPICON_NAME = AppIcon;
				CODE_SIGN_STYLE = Automatic;
				INFOPLIST_FILE = "Load More/Info.plist";
				LD_RUNPATH_SEARCH_PATHS = "$(inherited) @executable_path/Frameworks";
				PRODUCT_BUNDLE_IDENTIFIER = "DoHien.Load-More";
				PRODUCT_NAME = "$(TARGET_NAME)";
				SWIFT_VERSION = 4.0;
				TARGETED_DEVICE_FAMILY = "1,2";
			};
			name = Debug;
		};
		80C74E3120C69CF600B4D559 /* Release */ = {
			isa = XCBuildConfiguration;
			buildSettings = {
				ASSETCATALOG_COMPILER_APPICON_NAME = AppIcon;
				CODE_SIGN_STYLE = Automatic;
				INFOPLIST_FILE = "Load More/Info.plist";
				LD_RUNPATH_SEARCH_PATHS = "$(inherited) @executable_path/Frameworks";
				PRODUCT_BUNDLE_IDENTIFIER = "DoHien.Load-More";
				PRODUCT_NAME = "$(TARGET_NAME)";
				SWIFT_VERSION = 4.0;
				TARGETED_DEVICE_FAMILY = "1,2";
			};
			name = Release;
		};
/* End XCBuildConfiguration section */

/* Begin XCConfigurationList section */
		80C74E1820C69CF600B4D559 /* Build configuration list for PBXProject "Load More" */ = {
			isa = XCConfigurationList;
			buildConfigurations = (
				80C74E2D20C69CF600B4D559 /* Debug */,
				80C74E2E20C69CF600B4D559 /* Release */,
			);
			defaultConfigurationIsVisible = 0;
			defaultConfigurationName = Release;
		};
		80C74E2F20C69CF600B4D559 /* Build configuration list for PBXNativeTarget "Load More" */ = {
			isa = XCConfigurationList;
			buildConfigurations = (
				80C74E3020C69CF600B4D559 /* Debug */,
				80C74E3120C69CF600B4D559 /* Release */,
			);
			defaultConfigurationIsVisible = 0;
			defaultConfigurationName = Release;
		};
/* End XCConfigurationList section */
	};
	rootObject = 80C74E1520C69CF600B4D559 /* Project object */;
}
